// !$*UTF8*$!
{
	archiveVersion = 1;
	classes = {
	};
	objectVersion = 46;
	objects = {

/* Begin PBXBuildFile section */
		6B2BD8FE1E84FE7700081BBF /* sprite.frag in Resources */ = {isa = PBXBuildFile; fileRef = 6B2BD8FA1E84FE7700081BBF /* sprite.frag */; };
		6B2BD8FF1E84FE7700081BBF /* sprite.vs in Resources */ = {isa = PBXBuildFile; fileRef = 6B2BD8FB1E84FE7700081BBF /* sprite.vs */; };
		6B2BD9001E84FE7700081BBF /* textRender.frag in Resources */ = {isa = PBXBuildFile; fileRef = 6B2BD8FC1E84FE7700081BBF /* textRender.frag */; };
		6B2BD9011E84FE7700081BBF /* textRender.vs in Resources */ = {isa = PBXBuildFile; fileRef = 6B2BD8FD1E84FE7700081BBF /* textRender.vs */; };
		6B2BD9031E85145E00081BBF /* postProcess.vs in Resources */ = {isa = PBXBuildFile; fileRef = 6B2BD9021E85145E00081BBF /* postProcess.vs */; };
		6B2BD9051E85147C00081BBF /* postProcess.frag in Resources */ = {isa = PBXBuildFile; fileRef = 6B2BD9041E85147C00081BBF /* postProcess.frag */; };
		6B52367C1E88E9F60049832C /* particle.vs in Resources */ = {isa = PBXBuildFile; fileRef = 6B52367B1E88E9F60049832C /* particle.vs */; };
		6B52367E1E88EA0F0049832C /* particle.frag in Resources */ = {isa = PBXBuildFile; fileRef = 6B52367D1E88EA0F0049832C /* particle.frag */; };
		6B5236971E88F08A0049832C /* BallObject.cpp in Sources */ = {isa = PBXBuildFile; fileRef = 6B5236821E88F08A0049832C /* BallObject.cpp */; };
		6B5236981E88F08A0049832C /* Game.cpp in Sources */ = {isa = PBXBuildFile; fileRef = 6B5236841E88F08A0049832C /* Game.cpp */; };
		6B5236991E88F08A0049832C /* GameLevel.cpp in Sources */ = {isa = PBXBuildFile; fileRef = 6B5236861E88F08A0049832C /* GameLevel.cpp */; };
		6B52369A1E88F08A0049832C /* GameObject.cpp in Sources */ = {isa = PBXBuildFile; fileRef = 6B5236881E88F08A0049832C /* GameObject.cpp */; };
		6B52369B1E88F08A0049832C /* ParticleGenerator.cpp in Sources */ = {isa = PBXBuildFile; fileRef = 6B52368A1E88F08A0049832C /* ParticleGenerator.cpp */; };
		6B52369C1E88F08A0049832C /* PostProcessor.cpp in Sources */ = {isa = PBXBuildFile; fileRef = 6B52368C1E88F08A0049832C /* PostProcessor.cpp */; };
		6B52369D1E88F08A0049832C /* ResourceManager.cpp in Sources */ = {isa = PBXBuildFile; fileRef = 6B52368E1E88F08A0049832C /* ResourceManager.cpp */; };
		6B52369E1E88F08A0049832C /* Shader.cpp in Sources */ = {isa = PBXBuildFile; fileRef = 6B5236901E88F08A0049832C /* Shader.cpp */; };
		6B52369F1E88F08A0049832C /* SpriteRender.cpp in Sources */ = {isa = PBXBuildFile; fileRef = 6B5236921E88F08A0049832C /* SpriteRender.cpp */; };
		6B5236A01E88F08A0049832C /* TextRender.cpp in Sources */ = {isa = PBXBuildFile; fileRef = 6B5236941E88F08A0049832C /* TextRender.cpp */; };
		6B5236A11E88F08A0049832C /* Texture2D.cpp in Sources */ = {isa = PBXBuildFile; fileRef = 6B5236961E88F08A0049832C /* Texture2D.cpp */; };
		6B5236A71E890D600049832C /* GLKit.framework in Frameworks */ = {isa = PBXBuildFile; fileRef = 6B5236A61E890D600049832C /* GLKit.framework */; };
		6B9483B51E83C5C200DB26F0 /* main.m in Sources */ = {isa = PBXBuildFile; fileRef = 6B9483B41E83C5C200DB26F0 /* main.m */; };
		6B9483B81E83C5C200DB26F0 /* AppDelegate.m in Sources */ = {isa = PBXBuildFile; fileRef = 6B9483B71E83C5C200DB26F0 /* AppDelegate.m */; };
		6B9483C01E83C5C200DB26F0 /* Assets.xcassets in Resources */ = {isa = PBXBuildFile; fileRef = 6B9483BF1E83C5C200DB26F0 /* Assets.xcassets */; };
		6B9483C31E83C5C200DB26F0 /* LaunchScreen.storyboard in Resources */ = {isa = PBXBuildFile; fileRef = 6B9483C11E83C5C200DB26F0 /* LaunchScreen.storyboard */; };
		6BAB62281E96479C00111E89 /* GLView.mm in Sources */ = {isa = PBXBuildFile; fileRef = 6BAB62271E96479C00111E89 /* GLView.mm */; };
		6BAB622A1E9647DE00111E89 /* Main.storyboard in Resources */ = {isa = PBXBuildFile; fileRef = 6BAB62291E9647DE00111E89 /* Main.storyboard */; };
/* End PBXBuildFile section */

/* Begin PBXFileReference section */
		6B2BD8FA1E84FE7700081BBF /* sprite.frag */ = {isa = PBXFileReference; fileEncoding = 4; lastKnownFileType = sourcecode.glsl; path = sprite.frag; sourceTree = "<group>"; };
		6B2BD8FB1E84FE7700081BBF /* sprite.vs */ = {isa = PBXFileReference; fileEncoding = 4; lastKnownFileType = sourcecode.glsl; path = sprite.vs; sourceTree = "<group>"; };
		6B2BD8FC1E84FE7700081BBF /* textRender.frag */ = {isa = PBXFileReference; fileEncoding = 4; lastKnownFileType = sourcecode.glsl; path = textRender.frag; sourceTree = "<group>"; };
		6B2BD8FD1E84FE7700081BBF /* textRender.vs */ = {isa = PBXFileReference; fileEncoding = 4; lastKnownFileType = sourcecode.glsl; path = textRender.vs; sourceTree = "<group>"; };
		6B2BD9021E85145E00081BBF /* postProcess.vs */ = {isa = PBXFileReference; fileEncoding = 4; lastKnownFileType = sourcecode.glsl; path = postProcess.vs; sourceTree = "<group>"; };
		6B2BD9041E85147C00081BBF /* postProcess.frag */ = {isa = PBXFileReference; fileEncoding = 4; lastKnownFileType = sourcecode.glsl; path = postProcess.frag; sourceTree = "<group>"; };
		6B52367B1E88E9F60049832C /* particle.vs */ = {isa = PBXFileReference; fileEncoding = 4; lastKnownFileType = sourcecode.glsl; path = particle.vs; sourceTree = "<group>"; };
		6B52367D1E88EA0F0049832C /* particle.frag */ = {isa = PBXFileReference; fileEncoding = 4; lastKnownFileType = sourcecode.glsl; path = particle.frag; sourceTree = "<group>"; };
		6B5236821E88F08A0049832C /* BallObject.cpp */ = {isa = PBXFileReference; explicitFileType = sourcecode.cpp.objcpp; fileEncoding = 4; path = BallObject.cpp; sourceTree = "<group>"; };
		6B5236831E88F08A0049832C /* BallObject.hpp */ = {isa = PBXFileReference; fileEncoding = 4; lastKnownFileType = sourcecode.cpp.h; path = BallObject.hpp; sourceTree = "<group>"; };
		6B5236841E88F08A0049832C /* Game.cpp */ = {isa = PBXFileReference; explicitFileType = sourcecode.cpp.objcpp; fileEncoding = 4; path = Game.cpp; sourceTree = "<group>"; };
		6B5236851E88F08A0049832C /* Game.hpp */ = {isa = PBXFileReference; fileEncoding = 4; lastKnownFileType = sourcecode.cpp.h; path = Game.hpp; sourceTree = "<group>"; };
		6B5236861E88F08A0049832C /* GameLevel.cpp */ = {isa = PBXFileReference; explicitFileType = sourcecode.cpp.objcpp; fileEncoding = 4; path = GameLevel.cpp; sourceTree = "<group>"; };
		6B5236871E88F08A0049832C /* GameLevel.hpp */ = {isa = PBXFileReference; fileEncoding = 4; lastKnownFileType = sourcecode.cpp.h; path = GameLevel.hpp; sourceTree = "<group>"; };
		6B5236881E88F08A0049832C /* GameObject.cpp */ = {isa = PBXFileReference; explicitFileType = sourcecode.cpp.objcpp; fileEncoding = 4; path = GameObject.cpp; sourceTree = "<group>"; };
		6B5236891E88F08A0049832C /* GameObject.hpp */ = {isa = PBXFileReference; fileEncoding = 4; lastKnownFileType = sourcecode.cpp.h; path = GameObject.hpp; sourceTree = "<group>"; };
		6B52368A1E88F08A0049832C /* ParticleGenerator.cpp */ = {isa = PBXFileReference; explicitFileType = sourcecode.cpp.objcpp; fileEncoding = 4; path = ParticleGenerator.cpp; sourceTree = "<group>"; };
		6B52368B1E88F08A0049832C /* ParticleGenerator.hpp */ = {isa = PBXFileReference; fileEncoding = 4; lastKnownFileType = sourcecode.cpp.h; path = ParticleGenerator.hpp; sourceTree = "<group>"; };
		6B52368C1E88F08A0049832C /* PostProcessor.cpp */ = {isa = PBXFileReference; explicitFileType = sourcecode.cpp.objcpp; fileEncoding = 4; path = PostProcessor.cpp; sourceTree = "<group>"; };
		6B52368D1E88F08A0049832C /* PostProcessor.hpp */ = {isa = PBXFileReference; fileEncoding = 4; lastKnownFileType = sourcecode.cpp.h; path = PostProcessor.hpp; sourceTree = "<group>"; };
		6B52368E1E88F08A0049832C /* ResourceManager.cpp */ = {isa = PBXFileReference; explicitFileType = sourcecode.cpp.objcpp; fileEncoding = 4; path = ResourceManager.cpp; sourceTree = "<group>"; };
		6B52368F1E88F08A0049832C /* ResourceManager.hpp */ = {isa = PBXFileReference; fileEncoding = 4; lastKnownFileType = sourcecode.cpp.h; path = ResourceManager.hpp; sourceTree = "<group>"; };
		6B5236901E88F08A0049832C /* Shader.cpp */ = {isa = PBXFileReference; explicitFileType = sourcecode.cpp.objcpp; fileEncoding = 4; path = Shader.cpp; sourceTree = "<group>"; };
		6B5236911E88F08A0049832C /* Shader.hpp */ = {isa = PBXFileReference; fileEncoding = 4; lastKnownFileType = sourcecode.cpp.h; path = Shader.hpp; sourceTree = "<group>"; };
		6B5236921E88F08A0049832C /* SpriteRender.cpp */ = {isa = PBXFileReference; explicitFileType = sourcecode.cpp.objcpp; fileEncoding = 4; path = SpriteRender.cpp; sourceTree = "<group>"; };
		6B5236931E88F08A0049832C /* SpriteRender.hpp */ = {isa = PBXFileReference; fileEncoding = 4; lastKnownFileType = sourcecode.cpp.h; path = SpriteRender.hpp; sourceTree = "<group>"; };
		6B5236941E88F08A0049832C /* TextRender.cpp */ = {isa = PBXFileReference; explicitFileType = sourcecode.cpp.objcpp; fileEncoding = 4; path = TextRender.cpp; sourceTree = "<group>"; };
		6B5236951E88F08A0049832C /* TextRender.hpp */ = {isa = PBXFileReference; fileEncoding = 4; lastKnownFileType = sourcecode.cpp.h; path = TextRender.hpp; sourceTree = "<group>"; };
		6B5236961E88F08A0049832C /* Texture2D.cpp */ = {isa = PBXFileReference; explicitFileType = sourcecode.cpp.objcpp; fileEncoding = 4; path = Texture2D.cpp; sourceTree = "<group>"; };
		6B5236A21E88F0F20049832C /* Texture2D.hpp */ = {isa = PBXFileReference; fileEncoding = 4; lastKnownFileType = sourcecode.cpp.h; path = Texture2D.hpp; sourceTree = "<group>"; };
		6B5236A61E890D600049832C /* GLKit.framework */ = {isa = PBXFileReference; lastKnownFileType = wrapper.framework; name = GLKit.framework; path = System/Library/Frameworks/GLKit.framework; sourceTree = SDKROOT; };
		6B5369321E86181300A2622E /* GLKMath_cpp.h */ = {isa = PBXFileReference; fileEncoding = 4; lastKnownFileType = sourcecode.c.h; path = GLKMath_cpp.h; sourceTree = "<group>"; };
		6B5369331E86181300A2622E /* GLKMatrix3_cpp.h */ = {isa = PBXFileReference; fileEncoding = 4; lastKnownFileType = sourcecode.c.h; path = GLKMatrix3_cpp.h; sourceTree = "<group>"; };
		6B5369341E86181300A2622E /* GLKMatrix4_cpp.h */ = {isa = PBXFileReference; fileEncoding = 4; lastKnownFileType = sourcecode.c.h; path = GLKMatrix4_cpp.h; sourceTree = "<group>"; };
		6B5369351E86181300A2622E /* GLKQuaternion_cpp.h */ = {isa = PBXFileReference; fileEncoding = 4; lastKnownFileType = sourcecode.c.h; path = GLKQuaternion_cpp.h; sourceTree = "<group>"; };
		6B5369361E86181300A2622E /* GLKVector2_cpp.h */ = {isa = PBXFileReference; fileEncoding = 4; lastKnownFileType = sourcecode.c.h; path = GLKVector2_cpp.h; sourceTree = "<group>"; };
		6B5369371E86181300A2622E /* GLKVector3_cpp.h */ = {isa = PBXFileReference; fileEncoding = 4; lastKnownFileType = sourcecode.c.h; path = GLKVector3_cpp.h; sourceTree = "<group>"; };
		6B5369381E86181300A2622E /* GLKVector4_cpp.h */ = {isa = PBXFileReference; fileEncoding = 4; lastKnownFileType = sourcecode.c.h; path = GLKVector4_cpp.h; sourceTree = "<group>"; };
		6B9483B01E83C5C200DB26F0 /* BreakOut.app */ = {isa = PBXFileReference; explicitFileType = wrapper.application; includeInIndex = 0; path = BreakOut.app; sourceTree = BUILT_PRODUCTS_DIR; };
		6B9483B41E83C5C200DB26F0 /* main.m */ = {isa = PBXFileReference; lastKnownFileType = sourcecode.c.objc; path = main.m; sourceTree = "<group>"; };
		6B9483B61E83C5C200DB26F0 /* AppDelegate.h */ = {isa = PBXFileReference; lastKnownFileType = sourcecode.c.h; path = AppDelegate.h; sourceTree = "<group>"; };
		6B9483B71E83C5C200DB26F0 /* AppDelegate.m */ = {isa = PBXFileReference; lastKnownFileType = sourcecode.c.objc; path = AppDelegate.m; sourceTree = "<group>"; };
		6B9483BF1E83C5C200DB26F0 /* Assets.xcassets */ = {isa = PBXFileReference; lastKnownFileType = folder.assetcatalog; path = Assets.xcassets; sourceTree = "<group>"; };
		6B9483C21E83C5C200DB26F0 /* Base */ = {isa = PBXFileReference; lastKnownFileType = file.storyboard; name = Base; path = Base.lproj/LaunchScreen.storyboard; sourceTree = "<group>"; };
		6B9483C41E83C5C200DB26F0 /* Info.plist */ = {isa = PBXFileReference; lastKnownFileType = text.plist.xml; path = Info.plist; sourceTree = "<group>"; };
		6BAB62261E96479C00111E89 /* GLView.h */ = {isa = PBXFileReference; fileEncoding = 4; lastKnownFileType = sourcecode.c.h; path = GLView.h; sourceTree = "<group>"; };
		6BAB62271E96479C00111E89 /* GLView.mm */ = {isa = PBXFileReference; explicitFileType = sourcecode.cpp.objcpp; fileEncoding = 4; path = GLView.mm; sourceTree = "<group>"; };
		6BAB62291E9647DE00111E89 /* Main.storyboard */ = {isa = PBXFileReference; fileEncoding = 4; lastKnownFileType = file.storyboard; path = Main.storyboard; sourceTree = "<group>"; };
/* End PBXFileReference section */

/* Begin PBXFrameworksBuildPhase section */
		6B9483AD1E83C5C200DB26F0 /* Frameworks */ = {
			isa = PBXFrameworksBuildPhase;
			buildActionMask = 2147483647;
			files = (
				6B5236A71E890D600049832C /* GLKit.framework in Frameworks */,
			);
			runOnlyForDeploymentPostprocessing = 0;
		};
/* End PBXFrameworksBuildPhase section */

/* Begin PBXGroup section */
		6B2BD8F91E84FDEB00081BBF /* shaders */ = {
			isa = PBXGroup;
			children = (
				6B2BD8FA1E84FE7700081BBF /* sprite.frag */,
				6B2BD8FB1E84FE7700081BBF /* sprite.vs */,
				6B2BD8FC1E84FE7700081BBF /* textRender.frag */,
				6B2BD8FD1E84FE7700081BBF /* textRender.vs */,
				6B2BD9021E85145E00081BBF /* postProcess.vs */,
				6B2BD9041E85147C00081BBF /* postProcess.frag */,
				6B52367B1E88E9F60049832C /* particle.vs */,
				6B52367D1E88EA0F0049832C /* particle.frag */,
			);
			name = shaders;
			path = shader;
			sourceTree = "<group>";
		};
		6B5236811E88F0400049832C /* GameEngine */ = {
			isa = PBXGroup;
			children = (
				6B5236A21E88F0F20049832C /* Texture2D.hpp */,
				6B5236821E88F08A0049832C /* BallObject.cpp */,
				6B5236831E88F08A0049832C /* BallObject.hpp */,
				6B5236841E88F08A0049832C /* Game.cpp */,
				6B5236851E88F08A0049832C /* Game.hpp */,
				6B5236861E88F08A0049832C /* GameLevel.cpp */,
				6B5236871E88F08A0049832C /* GameLevel.hpp */,
				6B5236881E88F08A0049832C /* GameObject.cpp */,
				6B5236891E88F08A0049832C /* GameObject.hpp */,
				6B52368A1E88F08A0049832C /* ParticleGenerator.cpp */,
				6B52368B1E88F08A0049832C /* ParticleGenerator.hpp */,
				6B52368C1E88F08A0049832C /* PostProcessor.cpp */,
				6B52368D1E88F08A0049832C /* PostProcessor.hpp */,
				6B52368E1E88F08A0049832C /* ResourceManager.cpp */,
				6B52368F1E88F08A0049832C /* ResourceManager.hpp */,
				6B5236901E88F08A0049832C /* Shader.cpp */,
				6B5236911E88F08A0049832C /* Shader.hpp */,
				6B5236921E88F08A0049832C /* SpriteRender.cpp */,
				6B5236931E88F08A0049832C /* SpriteRender.hpp */,
				6B5236941E88F08A0049832C /* TextRender.cpp */,
				6B5236951E88F08A0049832C /* TextRender.hpp */,
				6B5236961E88F08A0049832C /* Texture2D.cpp */,
			);
			path = GameEngine;
			sourceTree = "<group>";
		};
		6B5236A51E890D600049832C /* Frameworks */ = {
			isa = PBXGroup;
			children = (
				6B5236A61E890D600049832C /* GLKit.framework */,
			);
			name = Frameworks;
			sourceTree = "<group>";
		};
		6B5369311E8617EF00A2622E /* GLKitCPP */ = {
			isa = PBXGroup;
			children = (
				6B5369321E86181300A2622E /* GLKMath_cpp.h */,
				6B5369331E86181300A2622E /* GLKMatrix3_cpp.h */,
				6B5369341E86181300A2622E /* GLKMatrix4_cpp.h */,
				6B5369351E86181300A2622E /* GLKQuaternion_cpp.h */,
				6B5369361E86181300A2622E /* GLKVector2_cpp.h */,
				6B5369371E86181300A2622E /* GLKVector3_cpp.h */,
				6B5369381E86181300A2622E /* GLKVector4_cpp.h */,
			);
			path = GLKitCPP;
			sourceTree = "<group>";
		};
		6B9483A71E83C5C200DB26F0 = {
			isa = PBXGroup;
			children = (
				6B9483B21E83C5C200DB26F0 /* BreakOut */,
				6B9483B11E83C5C200DB26F0 /* Products */,
				6B5236A51E890D600049832C /* Frameworks */,
			);
			sourceTree = "<group>";
		};
		6B9483B11E83C5C200DB26F0 /* Products */ = {
			isa = PBXGroup;
			children = (
				6B9483B01E83C5C200DB26F0 /* BreakOut.app */,
			);
			name = Products;
			sourceTree = "<group>";
		};
		6B9483B21E83C5C200DB26F0 /* BreakOut */ = {
			isa = PBXGroup;
			children = (
				6B5236811E88F0400049832C /* GameEngine */,
				6B5369311E8617EF00A2622E /* GLKitCPP */,
				6B9483B61E83C5C200DB26F0 /* AppDelegate.h */,
				6B9483B71E83C5C200DB26F0 /* AppDelegate.m */,
				6B9483BF1E83C5C200DB26F0 /* Assets.xcassets */,
				6B9483C11E83C5C200DB26F0 /* LaunchScreen.storyboard */,
				6B9483C41E83C5C200DB26F0 /* Info.plist */,
				6B9483B31E83C5C200DB26F0 /* Supporting Files */,
				6B2BD8F91E84FDEB00081BBF /* shaders */,
				6BAB62261E96479C00111E89 /* GLView.h */,
				6BAB62271E96479C00111E89 /* GLView.mm */,
				6BAB62291E9647DE00111E89 /* Main.storyboard */,
			);
			path = BreakOut;
			sourceTree = "<group>";
		};
		6B9483B31E83C5C200DB26F0 /* Supporting Files */ = {
			isa = PBXGroup;
			children = (
				6B9483B41E83C5C200DB26F0 /* main.m */,
			);
			name = "Supporting Files";
			sourceTree = "<group>";
		};
/* End PBXGroup section */

/* Begin PBXNativeTarget section */
		6B9483AF1E83C5C200DB26F0 /* BreakOut */ = {
			isa = PBXNativeTarget;
			buildConfigurationList = 6B9483C71E83C5C200DB26F0 /* Build configuration list for PBXNativeTarget "BreakOut" */;
			buildPhases = (
				6B9483AC1E83C5C200DB26F0 /* Sources */,
				6B9483AD1E83C5C200DB26F0 /* Frameworks */,
				6B9483AE1E83C5C200DB26F0 /* Resources */,
			);
			buildRules = (
			);
			dependencies = (
			);
			name = BreakOut;
			productName = BreakOut;
			productReference = 6B9483B01E83C5C200DB26F0 /* BreakOut.app */;
			productType = "com.apple.product-type.application";
		};
/* End PBXNativeTarget section */

/* Begin PBXProject section */
		6B9483A81E83C5C200DB26F0 /* Project object */ = {
			isa = PBXProject;
			attributes = {
				LastUpgradeCheck = 0820;
				ORGANIZATIONNAME = siyuxing;
				TargetAttributes = {
					6B9483AF1E83C5C200DB26F0 = {
						CreatedOnToolsVersion = 8.2.1;
						ProvisioningStyle = Automatic;
					};
				};
			};
			buildConfigurationList = 6B9483AB1E83C5C200DB26F0 /* Build configuration list for PBXProject "BreakOut" */;
			compatibilityVersion = "Xcode 3.2";
			developmentRegion = English;
			hasScannedForEncodings = 0;
			knownRegions = (
				en,
				Base,
			);
			mainGroup = 6B9483A71E83C5C200DB26F0;
			productRefGroup = 6B9483B11E83C5C200DB26F0 /* Products */;
			projectDirPath = "";
			projectRoot = "";
			targets = (
				6B9483AF1E83C5C200DB26F0 /* BreakOut */,
			);
		};
/* End PBXProject section */

/* Begin PBXResourcesBuildPhase section */
		6B9483AE1E83C5C200DB26F0 /* Resources */ = {
			isa = PBXResourcesBuildPhase;
			buildActionMask = 2147483647;
			files = (
				6B52367C1E88E9F60049832C /* particle.vs in Resources */,
				6B2BD9011E84FE7700081BBF /* textRender.vs in Resources */,
				6B2BD8FE1E84FE7700081BBF /* sprite.frag in Resources */,
				6B2BD9031E85145E00081BBF /* postProcess.vs in Resources */,
				6B9483C31E83C5C200DB26F0 /* LaunchScreen.storyboard in Resources */,
				6BAB622A1E9647DE00111E89 /* Main.storyboard in Resources */,
				6B2BD9001E84FE7700081BBF /* textRender.frag in Resources */,
				6B2BD9051E85147C00081BBF /* postProcess.frag in Resources */,
				6B9483C01E83C5C200DB26F0 /* Assets.xcassets in Resources */,
				6B52367E1E88EA0F0049832C /* particle.frag in Resources */,
				6B2BD8FF1E84FE7700081BBF /* sprite.vs in Resources */,
			);
			runOnlyForDeploymentPostprocessing = 0;
		};
/* End PBXResourcesBuildPhase section */

/* Begin PBXSourcesBuildPhase section */
		6B9483AC1E83C5C200DB26F0 /* Sources */ = {
			isa = PBXSourcesBuildPhase;
			buildActionMask = 2147483647;
			files = (
				6B5236A01E88F08A0049832C /* TextRender.cpp in Sources */,
				6B5236991E88F08A0049832C /* GameLevel.cpp in Sources */,
				6B52369B1E88F08A0049832C /* ParticleGenerator.cpp in Sources */,
				6B5236971E88F08A0049832C /* BallObject.cpp in Sources */,
				6B9483B81E83C5C200DB26F0 /* AppDelegate.m in Sources */,
				6B52369D1E88F08A0049832C /* ResourceManager.cpp in Sources */,
				6B5236A11E88F08A0049832C /* Texture2D.cpp in Sources */,
				6B9483B51E83C5C200DB26F0 /* main.m in Sources */,
				6B52369E1E88F08A0049832C /* Shader.cpp in Sources */,
				6B52369F1E88F08A0049832C /* SpriteRender.cpp in Sources */,
				6B52369C1E88F08A0049832C /* PostProcessor.cpp in Sources */,
				6B5236981E88F08A0049832C /* Game.cpp in Sources */,
				6B52369A1E88F08A0049832C /* GameObject.cpp in Sources */,
				6BAB62281E96479C00111E89 /* GLView.mm in Sources */,
			);
			runOnlyForDeploymentPostprocessing = 0;
		};
/* End PBXSourcesBuildPhase section */

/* Begin PBXVariantGroup section */
		6B9483C11E83C5C200DB26F0 /* LaunchScreen.storyboard */ = {
			isa = PBXVariantGroup;
			children = (
				6B9483C21E83C5C200DB26F0 /* Base */,
			);
			name = LaunchScreen.storyboard;
			sourceTree = "<group>";
		};
/* End PBXVariantGroup section */

/* Begin XCBuildConfiguration section */
		6B9483C51E83C5C200DB26F0 /* Debug */ = {
			isa = XCBuildConfiguration;
			buildSettings = {
				ALWAYS_SEARCH_USER_PATHS = NO;
				CLANG_ANALYZER_NONNULL = YES;
				CLANG_CXX_LANGUAGE_STANDARD = "gnu++0x";
				CLANG_CXX_LIBRARY = "libc++";
				CLANG_ENABLE_MODULES = YES;
				CLANG_ENABLE_OBJC_ARC = YES;
				CLANG_WARN_BOOL_CONVERSION = YES;
				CLANG_WARN_CONSTANT_CONVERSION = YES;
				CLANG_WARN_DIRECT_OBJC_ISA_USAGE = YES_ERROR;
				CLANG_WARN_DOCUMENTATION_COMMENTS = YES;
				CLANG_WARN_EMPTY_BODY = YES;
				CLANG_WARN_ENUM_CONVERSION = YES;
				CLANG_WARN_INFINITE_RECURSION = YES;
				CLANG_WARN_INT_CONVERSION = YES;
				CLANG_WARN_OBJC_ROOT_CLASS = YES_ERROR;
				CLANG_WARN_SUSPICIOUS_MOVE = YES;
				CLANG_WARN_UNREACHABLE_CODE = YES;
				CLANG_WARN__DUPLICATE_METHOD_MATCH = YES;
				"CODE_SIGN_IDENTITY[sdk=iphoneos*]" = "iPhone Developer";
				COPY_PHASE_STRIP = NO;
				DEBUG_INFORMATION_FORMAT = dwarf;
				ENABLE_STRICT_OBJC_MSGSEND = YES;
				ENABLE_TESTABILITY = YES;
				GCC_C_LANGUAGE_STANDARD = gnu99;
				GCC_DYNAMIC_NO_PIC = NO;
				GCC_NO_COMMON_BLOCKS = YES;
				GCC_OPTIMIZATION_LEVEL = 0;
				GCC_PREPROCESSOR_DEFINITIONS = (
					"DEBUG=1",
					"$(inherited)",
				);
				GCC_WARN_64_TO_32_BIT_CONVERSION = YES;
				GCC_WARN_ABOUT_RETURN_TYPE = YES_ERROR;
				GCC_WARN_UNDECLARED_SELECTOR = YES;
				GCC_WARN_UNINITIALIZED_AUTOS = YES_AGGRESSIVE;
				GCC_WARN_UNUSED_FUNCTION = YES;
				GCC_WARN_UNUSED_VARIABLE = YES;
				IPHONEOS_DEPLOYMENT_TARGET = 10.2;
				MTL_ENABLE_DEBUG_INFO = YES;
				ONLY_ACTIVE_ARCH = YES;
				SDKROOT = iphoneos;
			};
			name = Debug;
		};
		6B9483C61E83C5C200DB26F0 /* Release */ = {
			isa = XCBuildConfiguration;
			buildSettings = {
				ALWAYS_SEARCH_USER_PATHS = NO;
				CLANG_ANALYZER_NONNULL = YES;
				CLANG_CXX_LANGUAGE_STANDARD = "gnu++0x";
				CLANG_CXX_LIBRARY = "libc++";
				CLANG_ENABLE_MODULES = YES;
				CLANG_ENABLE_OBJC_ARC = YES;
				CLANG_WARN_BOOL_CONVERSION = YES;
				CLANG_WARN_CONSTANT_CONVERSION = YES;
				CLANG_WARN_DIRECT_OBJC_ISA_USAGE = YES_ERROR;
				CLANG_WARN_DOCUMENTATION_COMMENTS = YES;
				CLANG_WARN_EMPTY_BODY = YES;
				CLANG_WARN_ENUM_CONVERSION = YES;
				CLANG_WARN_INFINITE_RECURSION = YES;
				CLANG_WARN_INT_CONVERSION = YES;
				CLANG_WARN_OBJC_ROOT_CLASS = YES_ERROR;
				CLANG_WARN_SUSPICIOUS_MOVE = YES;
				CLANG_WARN_UNREACHABLE_CODE = YES;
				CLANG_WARN__DUPLICATE_METHOD_MATCH = YES;
				"CODE_SIGN_IDENTITY[sdk=iphoneos*]" = "iPhone Developer";
				COPY_PHASE_STRIP = NO;
				DEBUG_INFORMATION_FORMAT = "dwarf-with-dsym";
				ENABLE_NS_ASSERTIONS = NO;
				ENABLE_STRICT_OBJC_MSGSEND = YES;
				GCC_C_LANGUAGE_STANDARD = gnu99;
				GCC_NO_COMMON_BLOCKS = YES;
				GCC_WARN_64_TO_32_BIT_CONVERSION = YES;
				GCC_WARN_ABOUT_RETURN_TYPE = YES_ERROR;
				GCC_WARN_UNDECLARED_SELECTOR = YES;
				GCC_WARN_UNINITIALIZED_AUTOS = YES_AGGRESSIVE;
				GCC_WARN_UNUSED_FUNCTION = YES;
				GCC_WARN_UNUSED_VARIABLE = YES;
				IPHONEOS_DEPLOYMENT_TARGET = 10.2;
				MTL_ENABLE_DEBUG_INFO = NO;
				SDKROOT = iphoneos;
				VALIDATE_PRODUCT = YES;
			};
			name = Release;
		};
		6B9483C81E83C5C200DB26F0 /* Debug */ = {
			isa = XCBuildConfiguration;
			buildSettings = {
				ASSETCATALOG_COMPILER_APPICON_NAME = AppIcon;
				INFOPLIST_FILE = BreakOut/Info.plist;
				LD_RUNPATH_SEARCH_PATHS = "$(inherited) @executable_path/Frameworks";
				PRODUCT_BUNDLE_IDENTIFIER = syx.BreakOut;
				PRODUCT_NAME = "$(TARGET_NAME)";
			};
			name = Debug;
		};
		6B9483C91E83C5C200DB26F0 /* Release */ = {
			isa = XCBuildConfiguration;
			buildSettings = {
				ASSETCATALOG_COMPILER_APPICON_NAME = AppIcon;
				INFOPLIST_FILE = BreakOut/Info.plist;
				LD_RUNPATH_SEARCH_PATHS = "$(inherited) @executable_path/Frameworks";
				PRODUCT_BUNDLE_IDENTIFIER = syx.BreakOut;
				PRODUCT_NAME = "$(TARGET_NAME)";
			};
			name = Release;
		};
/* End XCBuildConfiguration section */

/* Begin XCConfigurationList section */
		6B9483AB1E83C5C200DB26F0 /* Build configuration list for PBXProject "BreakOut" */ = {
			isa = XCConfigurationList;
			buildConfigurations = (
				6B9483C51E83C5C200DB26F0 /* Debug */,
				6B9483C61E83C5C200DB26F0 /* Release */,
			);
			defaultConfigurationIsVisible = 0;
			defaultConfigurationName = Release;
		};
		6B9483C71E83C5C200DB26F0 /* Build configuration list for PBXNativeTarget "BreakOut" */ = {
			isa = XCConfigurationList;
			buildConfigurations = (
				6B9483C81E83C5C200DB26F0 /* Debug */,
				6B9483C91E83C5C200DB26F0 /* Release */,
			);
			defaultConfigurationIsVisible = 0;
			defaultConfigurationName = Release;
		};
/* End XCConfigurationList section */
	};
	rootObject = 6B9483A81E83C5C200DB26F0 /* Project object */;
}
